# This file is automatically @generated by Cargo.
# It is not intended for manual editing.
version = 3

[[package]]
name = "ludndev-hello-world"
version = "0.1.1"
source = "registry+https://github.com/rust-lang/crates.io-index"
checksum = "e306325045834768b1520a208fd93cf07923fa836a5dab00b1e3343ccb972bff"

[[package]]
name = "rust_get_card"
version = "0.1.0"
dependencies = [
 "ludndev-hello-world",
]
